
Microsoft Visual Studio Solution File, Format Version 12.00
# Visual Studio Version 17
VisualStudioVersion = 17.14.36518.9 d17.14
MinimumVisualStudioVersion = 10.0.40219.1
Project("{FAE04EC0-301F-11D3-BF4B-00C04F79EFBC}") = "MauiRandomuser13c12025", "MauiRandomuser13c12025\MauiRandomuser13c12025.csproj", "{7B0C3D84-061D-47C3-BCD7-F58ABB9DAB73}"
EndProject
Global
	GlobalSection(SolutionConfigurationPlatforms) = preSolution
		Debug|Any CPU = Debug|Any CPU
		Release|Any CPU = Release|Any CPU
	EndGlobalSection
	GlobalSection(ProjectConfigurationPlatforms) = postSolution
		{7B0C3D84-061D-47C3-BCD7-F58ABB9DAB73}.Debug|Any CPU.ActiveCfg = Debug|Any CPU
		{7B0C3D84-061D-47C3-BCD7-F58ABB9DAB73}.Debug|Any CPU.Build.0 = Debug|Any CPU
		{7B0C3D84-061D-47C3-BCD7-F58ABB9DAB73}.Debug|Any CPU.Deploy.0 = Debug|Any CPU
		{7B0C3D84-061D-47C3-BCD7-F58ABB9DAB73}.Release|Any CPU.ActiveCfg = Release|Any CPU
		{7B0C3D84-061D-47C3-BCD7-F58ABB9DAB73}.Release|Any CPU.Build.0 = Release|Any CPU
		{7B0C3D84-061D-47C3-BCD7-F58ABB9DAB73}.Release|Any CPU.Deploy.0 = Release|Any CPU
	EndGlobalSection
	GlobalSection(SolutionProperties) = preSolution
		HideSolutionNode = FALSE
	EndGlobalSection
	GlobalSection(ExtensibilityGlobals) = postSolution
		SolutionGuid = {7B97F4F5-4B18-4CEE-A3CD-2ACF08B38135}
	EndGlobalSection
EndGlobal
