
Microsoft Visual Studio Solution File, Format Version 12.00
# Visual Studio Version 17
VisualStudioVersion = 17.14.36518.9 d17.14
MinimumVisualStudioVersion = 10.0.40219.1
Project("{FAE04EC0-301F-11D3-BF4B-00C04F79EFBC}") = "Futasido", "Futasido\Futasido.csproj", "{98468660-7227-4B7A-8955-D3749D45460C}"
EndProject
Project("{FAE04EC0-301F-11D3-BF4B-00C04F79EFBC}") = "Keresesek", "Keresesek\Keresesek.csproj", "{57999E4A-F797-4746-A541-F8ADF2DB29C6}"
EndProject
Global
	GlobalSection(SolutionConfigurationPlatforms) = preSolution
		Debug|Any CPU = Debug|Any CPU
		Release|Any CPU = Release|Any CPU
	EndGlobalSection
	GlobalSection(ProjectConfigurationPlatforms) = postSolution
		{98468660-7227-4B7A-8955-D3749D45460C}.Debug|Any CPU.ActiveCfg = Debug|Any CPU
		{98468660-7227-4B7A-8955-D3749D45460C}.Debug|Any CPU.Build.0 = Debug|Any CPU
		{98468660-7227-4B7A-8955-D3749D45460C}.Release|Any CPU.ActiveCfg = Release|Any CPU
		{98468660-7227-4B7A-8955-D3749D45460C}.Release|Any CPU.Build.0 = Release|Any CPU
		{57999E4A-F797-4746-A541-F8ADF2DB29C6}.Debug|Any CPU.ActiveCfg = Debug|Any CPU
		{57999E4A-F797-4746-A541-F8ADF2DB29C6}.Debug|Any CPU.Build.0 = Debug|Any CPU
		{57999E4A-F797-4746-A541-F8ADF2DB29C6}.Release|Any CPU.ActiveCfg = Release|Any CPU
		{57999E4A-F797-4746-A541-F8ADF2DB29C6}.Release|Any CPU.Build.0 = Release|Any CPU
	EndGlobalSection
	GlobalSection(SolutionProperties) = preSolution
		HideSolutionNode = FALSE
	EndGlobalSection
	GlobalSection(ExtensibilityGlobals) = postSolution
		SolutionGuid = {26E22309-E684-4676-B489-35C66BAE1128}
	EndGlobalSection
EndGlobal
