
Microsoft Visual Studio Solution File, Format Version 12.00
# Visual Studio Version 17
VisualStudioVersion = 17.13.35828.75 d17.13
MinimumVisualStudioVersion = 10.0.40219.1
Project("{FAE04EC0-301F-11D3-BF4B-00C04F79EFBC}") = "WpfMobilok", "WpfMobilok\WpfMobilok.csproj", "{6A9C1252-6CE3-4788-BEBF-D67856968173}"
EndProject
Global
	GlobalSection(SolutionConfigurationPlatforms) = preSolution
		Debug|Any CPU = Debug|Any CPU
		Release|Any CPU = Release|Any CPU
	EndGlobalSection
	GlobalSection(ProjectConfigurationPlatforms) = postSolution
		{6A9C1252-6CE3-4788-BEBF-D67856968173}.Debug|Any CPU.ActiveCfg = Debug|Any CPU
		{6A9C1252-6CE3-4788-BEBF-D67856968173}.Debug|Any CPU.Build.0 = Debug|Any CPU
		{6A9C1252-6CE3-4788-BEBF-D67856968173}.Release|Any CPU.ActiveCfg = Release|Any CPU
		{6A9C1252-6CE3-4788-BEBF-D67856968173}.Release|Any CPU.Build.0 = Release|Any CPU
	EndGlobalSection
	GlobalSection(SolutionProperties) = preSolution
		HideSolutionNode = FALSE
	EndGlobalSection
	GlobalSection(ExtensibilityGlobals) = postSolution
		SolutionGuid = {515A3677-8D03-4A20-92DB-BA20CFE0F21E}
	EndGlobalSection
EndGlobal
